
Microsoft Visual Studio Solution File, Format Version 12.00
# Visual Studio 14
VisualStudioVersion = 14.0.25420.1
MinimumVisualStudioVersion = 10.0.40219.1
Project("{FAE04EC0-301F-11D3-BF4B-00C04F79EFBC}") = "Grammar", "Grammar\Grammar.csproj", "{FCF06529-2ADC-4F27-804F-260B598EA492}"
	ProjectSection(ProjectDependencies) = postProject
		{0B7DF2F5-D3AD-415D-8B73-B8B9B9EFE75D} = {0B7DF2F5-D3AD-415D-8B73-B8B9B9EFE75D}
	EndProjectSection
EndProject
Project("{FAE04EC0-301F-11D3-BF4B-00C04F79EFBC}") = "Launcher", "Launcher\Launcher.csproj", "{52409A8D-1784-41EF-8252-893EB936CBE5}"
	ProjectSection(ProjectDependencies) = postProject
		{0B7DF2F5-D3AD-415D-8B73-B8B9B9EFE75D} = {0B7DF2F5-D3AD-415D-8B73-B8B9B9EFE75D}
	EndProjectSection
EndProject
Project("{8BC9CEB8-8B4A-11D0-8D11-00A0C91BC942}") = "NatSpeakInterop", "NatSpeakInterop\NatspeakInterop.vcxproj", "{0B7DF2F5-D3AD-415D-8B73-B8B9B9EFE75D}"
EndProject
Project("{FAE04EC0-301F-11D3-BF4B-00C04F79EFBC}") = "NatSpeakShim", "NatSpeakShim\NatSpeakShim.csproj", "{4881327D-9010-48E9-96F3-52EC2998513A}"
EndProject
Project("{FAE04EC0-301F-11D3-BF4B-00C04F79EFBC}") = "Core", "Core\Core.csproj", "{D97E5809-476B-4001-A1FB-EDAE7235276D}"
EndProject
Global
	GlobalSection(SolutionConfigurationPlatforms) = preSolution
		Debug|Any CPU = Debug|Any CPU
		Debug|Mixed Platforms = Debug|Mixed Platforms
		Debug|Win32 = Debug|Win32
		Debug|x64 = Debug|x64
		Debug|x86 = Debug|x86
		Release|Any CPU = Release|Any CPU
		Release|Mixed Platforms = Release|Mixed Platforms
		Release|Win32 = Release|Win32
		Release|x64 = Release|x64
		Release|x86 = Release|x86
	EndGlobalSection
	GlobalSection(ProjectConfigurationPlatforms) = postSolution
		{FCF06529-2ADC-4F27-804F-260B598EA492}.Debug|Any CPU.ActiveCfg = Debug|Any CPU
		{FCF06529-2ADC-4F27-804F-260B598EA492}.Debug|Any CPU.Build.0 = Debug|Any CPU
		{FCF06529-2ADC-4F27-804F-260B598EA492}.Debug|Mixed Platforms.ActiveCfg = Debug|Any CPU
		{FCF06529-2ADC-4F27-804F-260B598EA492}.Debug|Mixed Platforms.Build.0 = Debug|Any CPU
		{FCF06529-2ADC-4F27-804F-260B598EA492}.Debug|Win32.ActiveCfg = Debug|Any CPU
		{FCF06529-2ADC-4F27-804F-260B598EA492}.Debug|Win32.Build.0 = Debug|Any CPU
		{FCF06529-2ADC-4F27-804F-260B598EA492}.Debug|x64.ActiveCfg = Debug|Any CPU
		{FCF06529-2ADC-4F27-804F-260B598EA492}.Debug|x64.Build.0 = Debug|Any CPU
		{FCF06529-2ADC-4F27-804F-260B598EA492}.Debug|x86.ActiveCfg = Debug|Any CPU
		{FCF06529-2ADC-4F27-804F-260B598EA492}.Debug|x86.Build.0 = Debug|Any CPU
		{FCF06529-2ADC-4F27-804F-260B598EA492}.Release|Any CPU.ActiveCfg = Release|Any CPU
		{FCF06529-2ADC-4F27-804F-260B598EA492}.Release|Any CPU.Build.0 = Release|Any CPU
		{FCF06529-2ADC-4F27-804F-260B598EA492}.Release|Mixed Platforms.ActiveCfg = Release|Any CPU
		{FCF06529-2ADC-4F27-804F-260B598EA492}.Release|Mixed Platforms.Build.0 = Release|Any CPU
		{FCF06529-2ADC-4F27-804F-260B598EA492}.Release|Win32.ActiveCfg = Release|Any CPU
		{FCF06529-2ADC-4F27-804F-260B598EA492}.Release|Win32.Build.0 = Release|Any CPU
		{FCF06529-2ADC-4F27-804F-260B598EA492}.Release|x64.ActiveCfg = Release|Any CPU
		{FCF06529-2ADC-4F27-804F-260B598EA492}.Release|x64.Build.0 = Release|Any CPU
		{FCF06529-2ADC-4F27-804F-260B598EA492}.Release|x86.ActiveCfg = Release|Any CPU
		{FCF06529-2ADC-4F27-804F-260B598EA492}.Release|x86.Build.0 = Release|Any CPU
		{52409A8D-1784-41EF-8252-893EB936CBE5}.Debug|Any CPU.ActiveCfg = Debug|Any CPU
		{52409A8D-1784-41EF-8252-893EB936CBE5}.Debug|Any CPU.Build.0 = Debug|Any CPU
		{52409A8D-1784-41EF-8252-893EB936CBE5}.Debug|Mixed Platforms.ActiveCfg = Debug|Any CPU
		{52409A8D-1784-41EF-8252-893EB936CBE5}.Debug|Mixed Platforms.Build.0 = Debug|Any CPU
		{52409A8D-1784-41EF-8252-893EB936CBE5}.Debug|Win32.ActiveCfg = Debug|Any CPU
		{52409A8D-1784-41EF-8252-893EB936CBE5}.Debug|Win32.Build.0 = Debug|Any CPU
		{52409A8D-1784-41EF-8252-893EB936CBE5}.Debug|x64.ActiveCfg = Debug|Any CPU
		{52409A8D-1784-41EF-8252-893EB936CBE5}.Debug|x64.Build.0 = Debug|Any CPU
		{52409A8D-1784-41EF-8252-893EB936CBE5}.Debug|x86.ActiveCfg = Debug|Any CPU
		{52409A8D-1784-41EF-8252-893EB936CBE5}.Debug|x86.Build.0 = Debug|Any CPU
		{52409A8D-1784-41EF-8252-893EB936CBE5}.Release|Any CPU.ActiveCfg = Release|Any CPU
		{52409A8D-1784-41EF-8252-893EB936CBE5}.Release|Any CPU.Build.0 = Release|Any CPU
		{52409A8D-1784-41EF-8252-893EB936CBE5}.Release|Mixed Platforms.ActiveCfg = Release|Any CPU
		{52409A8D-1784-41EF-8252-893EB936CBE5}.Release|Mixed Platforms.Build.0 = Release|Any CPU
		{52409A8D-1784-41EF-8252-893EB936CBE5}.Release|Win32.ActiveCfg = Release|Any CPU
		{52409A8D-1784-41EF-8252-893EB936CBE5}.Release|Win32.Build.0 = Release|Any CPU
		{52409A8D-1784-41EF-8252-893EB936CBE5}.Release|x64.ActiveCfg = Release|Any CPU
		{52409A8D-1784-41EF-8252-893EB936CBE5}.Release|x64.Build.0 = Release|Any CPU
		{52409A8D-1784-41EF-8252-893EB936CBE5}.Release|x86.ActiveCfg = Release|Any CPU
		{52409A8D-1784-41EF-8252-893EB936CBE5}.Release|x86.Build.0 = Release|Any CPU
		{0B7DF2F5-D3AD-415D-8B73-B8B9B9EFE75D}.Debug|Any CPU.ActiveCfg = Debug|Win32
		{0B7DF2F5-D3AD-415D-8B73-B8B9B9EFE75D}.Debug|Any CPU.Build.0 = Debug|Win32
		{0B7DF2F5-D3AD-415D-8B73-B8B9B9EFE75D}.Debug|Mixed Platforms.ActiveCfg = Debug|Win32
		{0B7DF2F5-D3AD-415D-8B73-B8B9B9EFE75D}.Debug|Mixed Platforms.Build.0 = Debug|Win32
		{0B7DF2F5-D3AD-415D-8B73-B8B9B9EFE75D}.Debug|Win32.ActiveCfg = Debug|Win32
		{0B7DF2F5-D3AD-415D-8B73-B8B9B9EFE75D}.Debug|Win32.Build.0 = Debug|Win32
		{0B7DF2F5-D3AD-415D-8B73-B8B9B9EFE75D}.Debug|x64.ActiveCfg = Debug|x64
		{0B7DF2F5-D3AD-415D-8B73-B8B9B9EFE75D}.Debug|x64.Build.0 = Debug|x64
		{0B7DF2F5-D3AD-415D-8B73-B8B9B9EFE75D}.Debug|x86.ActiveCfg = Debug|Win32
		{0B7DF2F5-D3AD-415D-8B73-B8B9B9EFE75D}.Debug|x86.Build.0 = Debug|Win32
		{0B7DF2F5-D3AD-415D-8B73-B8B9B9EFE75D}.Release|Any CPU.ActiveCfg = Release|Win32
		{0B7DF2F5-D3AD-415D-8B73-B8B9B9EFE75D}.Release|Any CPU.Build.0 = Release|Win32
		{0B7DF2F5-D3AD-415D-8B73-B8B9B9EFE75D}.Release|Mixed Platforms.ActiveCfg = Release|Win32
		{0B7DF2F5-D3AD-415D-8B73-B8B9B9EFE75D}.Release|Mixed Platforms.Build.0 = Release|Win32
		{0B7DF2F5-D3AD-415D-8B73-B8B9B9EFE75D}.Release|Win32.ActiveCfg = Release|Win32
		{0B7DF2F5-D3AD-415D-8B73-B8B9B9EFE75D}.Release|Win32.Build.0 = Release|Win32
		{0B7DF2F5-D3AD-415D-8B73-B8B9B9EFE75D}.Release|x64.ActiveCfg = Release|x64
		{0B7DF2F5-D3AD-415D-8B73-B8B9B9EFE75D}.Release|x64.Build.0 = Release|x64
		{0B7DF2F5-D3AD-415D-8B73-B8B9B9EFE75D}.Release|x86.ActiveCfg = Release|Win32
		{0B7DF2F5-D3AD-415D-8B73-B8B9B9EFE75D}.Release|x86.Build.0 = Release|Win32
		{4881327D-9010-48E9-96F3-52EC2998513A}.Debug|Any CPU.ActiveCfg = Debug|Any CPU
		{4881327D-9010-48E9-96F3-52EC2998513A}.Debug|Any CPU.Build.0 = Debug|Any CPU
		{4881327D-9010-48E9-96F3-52EC2998513A}.Debug|Mixed Platforms.ActiveCfg = Debug|Any CPU
		{4881327D-9010-48E9-96F3-52EC2998513A}.Debug|Mixed Platforms.Build.0 = Debug|Any CPU
		{4881327D-9010-48E9-96F3-52EC2998513A}.Debug|Win32.ActiveCfg = Debug|Any CPU
		{4881327D-9010-48E9-96F3-52EC2998513A}.Debug|Win32.Build.0 = Debug|Any CPU
		{4881327D-9010-48E9-96F3-52EC2998513A}.Debug|x64.ActiveCfg = Debug|Any CPU
		{4881327D-9010-48E9-96F3-52EC2998513A}.Debug|x64.Build.0 = Debug|Any CPU
		{4881327D-9010-48E9-96F3-52EC2998513A}.Debug|x86.ActiveCfg = Debug|Any CPU
		{4881327D-9010-48E9-96F3-52EC2998513A}.Debug|x86.Build.0 = Debug|Any CPU
		{4881327D-9010-48E9-96F3-52EC2998513A}.Release|Any CPU.ActiveCfg = Release|Any CPU
		{4881327D-9010-48E9-96F3-52EC2998513A}.Release|Any CPU.Build.0 = Release|Any CPU
		{4881327D-9010-48E9-96F3-52EC2998513A}.Release|Mixed Platforms.ActiveCfg = Release|Any CPU
		{4881327D-9010-48E9-96F3-52EC2998513A}.Release|Mixed Platforms.Build.0 = Release|Any CPU
		{4881327D-9010-48E9-96F3-52EC2998513A}.Release|Win32.ActiveCfg = Release|Any CPU
		{4881327D-9010-48E9-96F3-52EC2998513A}.Release|Win32.Build.0 = Release|Any CPU
		{4881327D-9010-48E9-96F3-52EC2998513A}.Release|x64.ActiveCfg = Release|Any CPU
		{4881327D-9010-48E9-96F3-52EC2998513A}.Release|x64.Build.0 = Release|Any CPU
		{4881327D-9010-48E9-96F3-52EC2998513A}.Release|x86.ActiveCfg = Release|Any CPU
		{4881327D-9010-48E9-96F3-52EC2998513A}.Release|x86.Build.0 = Release|Any CPU
		{D97E5809-476B-4001-A1FB-EDAE7235276D}.Debug|Any CPU.ActiveCfg = Debug|Any CPU
		{D97E5809-476B-4001-A1FB-EDAE7235276D}.Debug|Any CPU.Build.0 = Debug|Any CPU
		{D97E5809-476B-4001-A1FB-EDAE7235276D}.Debug|Mixed Platforms.ActiveCfg = Debug|Any CPU
		{D97E5809-476B-4001-A1FB-EDAE7235276D}.Debug|Mixed Platforms.Build.0 = Debug|Any CPU
		{D97E5809-476B-4001-A1FB-EDAE7235276D}.Debug|Win32.ActiveCfg = Debug|Any CPU
		{D97E5809-476B-4001-A1FB-EDAE7235276D}.Debug|Win32.Build.0 = Debug|Any CPU
		{D97E5809-476B-4001-A1FB-EDAE7235276D}.Debug|x64.ActiveCfg = Debug|Any CPU
		{D97E5809-476B-4001-A1FB-EDAE7235276D}.Debug|x64.Build.0 = Debug|Any CPU
		{D97E5809-476B-4001-A1FB-EDAE7235276D}.Debug|x86.ActiveCfg = Debug|Any CPU
		{D97E5809-476B-4001-A1FB-EDAE7235276D}.Debug|x86.Build.0 = Debug|Any CPU
		{D97E5809-476B-4001-A1FB-EDAE7235276D}.Release|Any CPU.ActiveCfg = Release|Any CPU
		{D97E5809-476B-4001-A1FB-EDAE7235276D}.Release|Any CPU.Build.0 = Release|Any CPU
		{D97E5809-476B-4001-A1FB-EDAE7235276D}.Release|Mixed Platforms.ActiveCfg = Release|Any CPU
		{D97E5809-476B-4001-A1FB-EDAE7235276D}.Release|Mixed Platforms.Build.0 = Release|Any CPU
		{D97E5809-476B-4001-A1FB-EDAE7235276D}.Release|Win32.ActiveCfg = Release|Any CPU
		{D97E5809-476B-4001-A1FB-EDAE7235276D}.Release|Win32.Build.0 = Release|Any CPU
		{D97E5809-476B-4001-A1FB-EDAE7235276D}.Release|x64.ActiveCfg = Release|Any CPU
		{D97E5809-476B-4001-A1FB-EDAE7235276D}.Release|x64.Build.0 = Release|Any CPU
		{D97E5809-476B-4001-A1FB-EDAE7235276D}.Release|x86.ActiveCfg = Release|Any CPU
		{D97E5809-476B-4001-A1FB-EDAE7235276D}.Release|x86.Build.0 = Release|Any CPU
	EndGlobalSection
	GlobalSection(SolutionProperties) = preSolution
		HideSolutionNode = FALSE
	EndGlobalSection
EndGlobal
